# THIS IS AN AUTOGENERATED FILE. DO NOT EDIT THIS FILE DIRECTLY.
# yarn lockfile v1


"@types/faker@^4.1.5":
  version "4.1.5"
  resolved "https://registry.yarnpkg.com/@types/faker/-/faker-4.1.5.tgz#8f620f9c9a67150aa0a32b4e8a407da43fca61d4"
  integrity sha512-YSDqoBEWYGdNk53xSkkb6REaUaVSlIjxIAGjj/nbLzlZOit7kUU+nA2zC2qQkIVO4MQ+3zl4Sz7aw+kbpHHHUQ==

"@types/googlemaps@^3.36.4":
  version "3.36.4"
  resolved "https://registry.yarnpkg.com/@types/googlemaps/-/googlemaps-3.36.4.tgz#91dcbfafccc93a6c83bb7c7be7322a7b43dc1560"
  integrity sha512-NKbP/msrLgdPApBFXXPOPQ3N2VexLd4ohe2m0UF0Dv/k4bnWTtUuAa0XS314aICJ6IZ2JrafONSiBBn/WE1iXw==

faker@^4.1.0:
  version "4.1.0"
  resolved "https://registry.yarnpkg.com/faker/-/faker-4.1.0.tgz#1e45bbbecc6774b3c195fad2835109c6d748cc3f"
  integrity sha1-HkW7vsxndLPBlfrSg1EJxtdIzD8=

i@^0.3.6:
  version "0.3.6"
  resolved "https://registry.yarnpkg.com/i/-/i-0.3.6.tgz#d96c92732076f072711b6b10fd7d4f65ad8ee23d"
  integrity sha1-2WyScyB28HJxG2sQ/X1PZa2O4j0=

typescript@^3.5.2:
  version "3.5.2"
  resolved "https://registry.yarnpkg.com/typescript/-/typescript-3.5.2.tgz#a09e1dc69bc9551cadf17dba10ee42cf55e5d56c"
  integrity sha512-7KxJovlYhTX5RaRbUdkAXN1KUZ8PwWlTzQdHV6xNqvuFOs7+WBo10TQUqT19Q/Jz2hk5v9TQDIhyLhhJY4p5AA==
